// !$*UTF8*$!
{
	archiveVersion = 1;
	classes = {
	};
	objectVersion = 48;
	objects = {

/* Begin PBXBuildFile section */
		2E5177DF20BBC56400841907 /* AppDelegate.swift in Sources */ = {isa = PBXBuildFile; fileRef = 2E5177DE20BBC56400841907 /* AppDelegate.swift */; };
		2E5177E120BBC56400841907 /* ViewController.swift in Sources */ = {isa = PBXBuildFile; fileRef = 2E5177E020BBC56400841907 /* ViewController.swift */; };
		2E5177E420BBC56400841907 /* Main.storyboard in Resources */ = {isa = PBXBuildFile; fileRef = 2E5177E220BBC56400841907 /* Main.storyboard */; };
		2E5177E720BBC56400841907 /* Swumuck_owner_ver.xcdatamodeld in Sources */ = {isa = PBXBuildFile; fileRef = 2E5177E520BBC56400841907 /* Swumuck_owner_ver.xcdatamodeld */; };
		2E5177E920BBC56400841907 /* Assets.xcassets in Resources */ = {isa = PBXBuildFile; fileRef = 2E5177E820BBC56400841907 /* Assets.xcassets */; };
		2E5177EC20BBC56400841907 /* LaunchScreen.storyboard in Resources */ = {isa = PBXBuildFile; fileRef = 2E5177EA20BBC56400841907 /* LaunchScreen.storyboard */; };
		2E5177F420BBC61500841907 /* CreateViewController.swift in Sources */ = {isa = PBXBuildFile; fileRef = 2E5177F320BBC61500841907 /* CreateViewController.swift */; };
/* End PBXBuildFile section */

/* Begin PBXFileReference section */
		2E5177DB20BBC56400841907 /* Swumuck_owner_ver.app */ = {isa = PBXFileReference; explicitFileType = wrapper.application; includeInIndex = 0; path = Swumuck_owner_ver.app; sourceTree = BUILT_PRODUCTS_DIR; };
		2E5177DE20BBC56400841907 /* AppDelegate.swift */ = {isa = PBXFileReference; lastKnownFileType = sourcecode.swift; path = AppDelegate.swift; sourceTree = "<group>"; };
		2E5177E020BBC56400841907 /* ViewController.swift */ = {isa = PBXFileReference; lastKnownFileType = sourcecode.swift; path = ViewController.swift; sourceTree = "<group>"; };
		2E5177E320BBC56400841907 /* Base */ = {isa = PBXFileReference; lastKnownFileType = file.storyboard; name = Base; path = Base.lproj/Main.storyboard; sourceTree = "<group>"; };
		2E5177E620BBC56400841907 /* Swumuck_owner_ver.xcdatamodel */ = {isa = PBXFileReference; lastKnownFileType = wrapper.xcdatamodel; path = Swumuck_owner_ver.xcdatamodel; sourceTree = "<group>"; };
		2E5177E820BBC56400841907 /* Assets.xcassets */ = {isa = PBXFileReference; lastKnownFileType = folder.assetcatalog; path = Assets.xcassets; sourceTree = "<group>"; };
		2E5177EB20BBC56400841907 /* Base */ = {isa = PBXFileReference; lastKnownFileType = file.storyboard; name = Base; path = Base.lproj/LaunchScreen.storyboard; sourceTree = "<group>"; };
		2E5177ED20BBC56400841907 /* Info.plist */ = {isa = PBXFileReference; lastKnownFileType = text.plist.xml; path = Info.plist; sourceTree = "<group>"; };
		2E5177F320BBC61500841907 /* CreateViewController.swift */ = {isa = PBXFileReference; lastKnownFileType = sourcecode.swift; path = CreateViewController.swift; sourceTree = "<group>"; };
/* End PBXFileReference section */

/* Begin PBXFrameworksBuildPhase section */
		2E5177D820BBC56400841907 /* Frameworks */ = {
			isa = PBXFrameworksBuildPhase;
			buildActionMask = 2147483647;
			files = (
			);
			runOnlyForDeploymentPostprocessing = 0;
		};
/* End PBXFrameworksBuildPhase section */

/* Begin PBXGroup section */
		2E5177D220BBC56400841907 = {
			isa = PBXGroup;
			children = (
				2E5177DD20BBC56400841907 /* Swumuck_owner_ver */,
				2E5177DC20BBC56400841907 /* Products */,
			);
			sourceTree = "<group>";
		};
		2E5177DC20BBC56400841907 /* Products */ = {
			isa = PBXGroup;
			children = (
				2E5177DB20BBC56400841907 /* Swumuck_owner_ver.app */,
			);
			name = Products;
			sourceTree = "<group>";
		};
		2E5177DD20BBC56400841907 /* Swumuck_owner_ver */ = {
			isa = PBXGroup;
			children = (
				2E5177DE20BBC56400841907 /* AppDelegate.swift */,
				2E5177E020BBC56400841907 /* ViewController.swift */,
				2E5177F320BBC61500841907 /* CreateViewController.swift */,
				2E5177E220BBC56400841907 /* Main.storyboard */,
				2E5177E820BBC56400841907 /* Assets.xcassets */,
				2E5177EA20BBC56400841907 /* LaunchScreen.storyboard */,
				2E5177ED20BBC56400841907 /* Info.plist */,
				2E5177E520BBC56400841907 /* Swumuck_owner_ver.xcdatamodeld */,
			);
			path = Swumuck_owner_ver;
			sourceTree = "<group>";
		};
/* End PBXGroup section */

/* Begin PBXNativeTarget section */
		2E5177DA20BBC56400841907 /* Swumuck_owner_ver */ = {
			isa = PBXNativeTarget;
			buildConfigurationList = 2E5177F020BBC56400841907 /* Build configuration list for PBXNativeTarget "Swumuck_owner_ver" */;
			buildPhases = (
				2E5177D720BBC56400841907 /* Sources */,
				2E5177D820BBC56400841907 /* Frameworks */,
				2E5177D920BBC56400841907 /* Resources */,
			);
			buildRules = (
			);
			dependencies = (
			);
			name = Swumuck_owner_ver;
			productName = Swumuck_owner_ver;
			productReference = 2E5177DB20BBC56400841907 /* Swumuck_owner_ver.app */;
			productType = "com.apple.product-type.application";
		};
/* End PBXNativeTarget section */

/* Begin PBXProject section */
		2E5177D320BBC56400841907 /* Project object */ = {
			isa = PBXProject;
			attributes = {
				LastSwiftUpdateCheck = 0920;
				LastUpgradeCheck = 0920;
				ORGANIZATIONNAME = "연쟁";
				TargetAttributes = {
					2E5177DA20BBC56400841907 = {
						CreatedOnToolsVersion = 9.2;
						ProvisioningStyle = Automatic;
					};
				};
			};
			buildConfigurationList = 2E5177D620BBC56400841907 /* Build configuration list for PBXProject "Swumuck_owner_ver" */;
			compatibilityVersion = "Xcode 8.0";
			developmentRegion = en;
			hasScannedForEncodings = 0;
			knownRegions = (
				en,
				Base,
			);
			mainGroup = 2E5177D220BBC56400841907;
			productRefGroup = 2E5177DC20BBC56400841907 /* Products */;
			projectDirPath = "";
			projectRoot = "";
			targets = (
				2E5177DA20BBC56400841907 /* Swumuck_owner_ver */,
			);
		};
/* End PBXProject section */

/* Begin PBXResourcesBuildPhase section */
		2E5177D920BBC56400841907 /* Resources */ = {
			isa = PBXResourcesBuildPhase;
			buildActionMask = 2147483647;
			files = (
				2E5177EC20BBC56400841907 /* LaunchScreen.storyboard in Resources */,
				2E5177E920BBC56400841907 /* Assets.xcassets in Resources */,
				2E5177E420BBC56400841907 /* Main.storyboard in Resources */,
			);
			runOnlyForDeploymentPostprocessing = 0;
		};
/* End PBXResourcesBuildPhase section */

/* Begin PBXSourcesBuildPhase section */
		2E5177D720BBC56400841907 /* Sources */ = {
			isa = PBXSourcesBuildPhase;
			buildActionMask = 2147483647;
			files = (
				2E5177F420BBC61500841907 /* CreateViewController.swift in Sources */,
				2E5177E120BBC56400841907 /* ViewController.swift in Sources */,
				2E5177DF20BBC56400841907 /* AppDelegate.swift in Sources */,
				2E5177E720BBC56400841907 /* Swumuck_owner_ver.xcdatamodeld in Sources */,
			);
			runOnlyForDeploymentPostprocessing = 0;
		};
/* End PBXSourcesBuildPhase section */

/* Begin PBXVariantGroup section */
		2E5177E220BBC56400841907 /* Main.storyboard */ = {
			isa = PBXVariantGroup;
			children = (
				2E5177E320BBC56400841907 /* Base */,
			);
			name = Main.storyboard;
			sourceTree = "<group>";
		};
		2E5177EA20BBC56400841907 /* LaunchScreen.storyboard */ = {
			isa = PBXVariantGroup;
			children = (
				2E5177EB20BBC56400841907 /* Base */,
			);
			name = LaunchScreen.storyboard;
			sourceTree = "<group>";
		};
/* End PBXVariantGroup section */

/* Begin XCBuildConfiguration section */
		2E5177EE20BBC56400841907 /* Debug */ = {
			isa = XCBuildConfiguration;
			buildSettings = {
				ALWAYS_SEARCH_USER_PATHS = NO;
				CLANG_ANALYZER_NONNULL = YES;
				CLANG_ANALYZER_NUMBER_OBJECT_CONVERSION = YES_AGGRESSIVE;
				CLANG_CXX_LANGUAGE_STANDARD = "gnu++14";
				CLANG_CXX_LIBRARY = "libc++";
				CLANG_ENABLE_MODULES = YES;
				CLANG_ENABLE_OBJC_ARC = YES;
				CLANG_WARN_BLOCK_CAPTURE_AUTORELEASING = YES;
				CLANG_WARN_BOOL_CONVERSION = YES;
				CLANG_WARN_COMMA = YES;
				CLANG_WARN_CONSTANT_CONVERSION = YES;
				CLANG_WARN_DIRECT_OBJC_ISA_USAGE = YES_ERROR;
				CLANG_WARN_DOCUMENTATION_COMMENTS = YES;
				CLANG_WARN_EMPTY_BODY = YES;
				CLANG_WARN_ENUM_CONVERSION = YES;
				CLANG_WARN_INFINITE_RECURSION = YES;
				CLANG_WARN_INT_CONVERSION = YES;
				CLANG_WARN_NON_LITERAL_NULL_CONVERSION = YES;
				CLANG_WARN_OBJC_LITERAL_CONVERSION = YES;
				CLANG_WARN_OBJC_ROOT_CLASS = YES_ERROR;
				CLANG_WARN_RANGE_LOOP_ANALYSIS = YES;
				CLANG_WARN_STRICT_PROTOTYPES = YES;
				CLANG_WARN_SUSPICIOUS_MOVE = YES;
				CLANG_WARN_UNGUARDED_AVAILABILITY = YES_AGGRESSIVE;
				CLANG_WARN_UNREACHABLE_CODE = YES;
				CLANG_WARN__DUPLICATE_METHOD_MATCH = YES;
				CODE_SIGN_IDENTITY = "iPhone Developer";
				COPY_PHASE_STRIP = NO;
				DEBUG_INFORMATION_FORMAT = dwarf;
				ENABLE_STRICT_OBJC_MSGSEND = YES;
				ENABLE_TESTABILITY = YES;
				GCC_C_LANGUAGE_STANDARD = gnu11;
				GCC_DYNAMIC_NO_PIC = NO;
				GCC_NO_COMMON_BLOCKS = YES;
				GCC_OPTIMIZATION_LEVEL = 0;
				GCC_PREPROCESSOR_DEFINITIONS = (
					"DEBUG=1",
					"$(inherited)",
				);
				GCC_WARN_64_TO_32_BIT_CONVERSION = YES;
				GCC_WARN_ABOUT_RETURN_TYPE = YES_ERROR;
				GCC_WARN_UNDECLARED_SELECTOR = YES;
				GCC_WARN_UNINITIALIZED_AUTOS = YES_AGGRESSIVE;
				GCC_WARN_UNUSED_FUNCTION = YES;
				GCC_WARN_UNUSED_VARIABLE = YES;
				IPHONEOS_DEPLOYMENT_TARGET = 11.2;
				MTL_ENABLE_DEBUG_INFO = YES;
				ONLY_ACTIVE_ARCH = YES;
				SDKROOT = iphoneos;
				SWIFT_ACTIVE_COMPILATION_CONDITIONS = DEBUG;
				SWIFT_OPTIMIZATION_LEVEL = "-Onone";
			};
			name = Debug;
		};
		2E5177EF20BBC56400841907 /* Release */ = {
			isa = XCBuildConfiguration;
			buildSettings = {
				ALWAYS_SEARCH_USER_PATHS = NO;
				CLANG_ANALYZER_NONNULL = YES;
				CLANG_ANALYZER_NUMBER_OBJECT_CONVERSION = YES_AGGRESSIVE;
				CLANG_CXX_LANGUAGE_STANDARD = "gnu++14";
				CLANG_CXX_LIBRARY = "libc++";
				CLANG_ENABLE_MODULES = YES;
				CLANG_ENABLE_OBJC_ARC = YES;
				CLANG_WARN_BLOCK_CAPTURE_AUTORELEASING = YES;
				CLANG_WARN_BOOL_CONVERSION = YES;
				CLANG_WARN_COMMA = YES;
				CLANG_WARN_CONSTANT_CONVERSION = YES;
				CLANG_WARN_DIRECT_OBJC_ISA_USAGE = YES_ERROR;
				CLANG_WARN_DOCUMENTATION_COMMENTS = YES;
				CLANG_WARN_EMPTY_BODY = YES;
				CLANG_WARN_ENUM_CONVERSION = YES;
				CLANG_WARN_INFINITE_RECURSION = YES;
				CLANG_WARN_INT_CONVERSION = YES;
				CLANG_WARN_NON_LITERAL_NULL_CONVERSION = YES;
				CLANG_WARN_OBJC_LITERAL_CONVERSION = YES;
				CLANG_WARN_OBJC_ROOT_CLASS = YES_ERROR;
				CLANG_WARN_RANGE_LOOP_ANALYSIS = YES;
				CLANG_WARN_STRICT_PROTOTYPES = YES;
				CLANG_WARN_SUSPICIOUS_MOVE = YES;
				CLANG_WARN_UNGUARDED_AVAILABILITY = YES_AGGRESSIVE;
				CLANG_WARN_UNREACHABLE_CODE = YES;
				CLANG_WARN__DUPLICATE_METHOD_MATCH = YES;
				CODE_SIGN_IDENTITY = "iPhone Developer";
				COPY_PHASE_STRIP = NO;
				DEBUG_INFORMATION_FORMAT = "dwarf-with-dsym";
				ENABLE_NS_ASSERTIONS = NO;
				ENABLE_STRICT_OBJC_MSGSEND = YES;
				GCC_C_LANGUAGE_STANDARD = gnu11;
				GCC_NO_COMMON_BLOCKS = YES;
				GCC_WARN_64_TO_32_BIT_CONVERSION = YES;
				GCC_WARN_ABOUT_RETURN_TYPE = YES_ERROR;
				GCC_WARN_UNDECLARED_SELECTOR = YES;
				GCC_WARN_UNINITIALIZED_AUTOS = YES_AGGRESSIVE;
				GCC_WARN_UNUSED_FUNCTION = YES;
				GCC_WARN_UNUSED_VARIABLE = YES;
				IPHONEOS_DEPLOYMENT_TARGET = 11.2;
				MTL_ENABLE_DEBUG_INFO = NO;
				SDKROOT = iphoneos;
				SWIFT_OPTIMIZATION_LEVEL = "-Owholemodule";
				VALIDATE_PRODUCT = YES;
			};
			name = Release;
		};
		2E5177F120BBC56400841907 /* Debug */ = {
			isa = XCBuildConfiguration;
			buildSettings = {
				ASSETCATALOG_COMPILER_APPICON_NAME = AppIcon;
				CODE_SIGN_STYLE = Automatic;
				INFOPLIST_FILE = Swumuck_owner_ver/Info.plist;
				LD_RUNPATH_SEARCH_PATHS = "$(inherited) @executable_path/Frameworks";
				PRODUCT_BUNDLE_IDENTIFIER = "------.Swumuck-owner-ver";
				PRODUCT_NAME = "$(TARGET_NAME)";
				SWIFT_VERSION = 4.0;
				TARGETED_DEVICE_FAMILY = "1,2";
			};
			name = Debug;
		};
		2E5177F220BBC56400841907 /* Release */ = {
			isa = XCBuildConfiguration;
			buildSettings = {
				ASSETCATALOG_COMPILER_APPICON_NAME = AppIcon;
				CODE_SIGN_STYLE = Automatic;
				INFOPLIST_FILE = Swumuck_owner_ver/Info.plist;
				LD_RUNPATH_SEARCH_PATHS = "$(inherited) @executable_path/Frameworks";
				PRODUCT_BUNDLE_IDENTIFIER = "------.Swumuck-owner-ver";
				PRODUCT_NAME = "$(TARGET_NAME)";
				SWIFT_VERSION = 4.0;
				TARGETED_DEVICE_FAMILY = "1,2";
			};
			name = Release;
		};
/* End XCBuildConfiguration section */

/* Begin XCConfigurationList section */
		2E5177D620BBC56400841907 /* Build configuration list for PBXProject "Swumuck_owner_ver" */ = {
			isa = XCConfigurationList;
			buildConfigurations = (
				2E5177EE20BBC56400841907 /* Debug */,
				2E5177EF20BBC56400841907 /* Release */,
			);
			defaultConfigurationIsVisible = 0;
			defaultConfigurationName = Release;
		};
		2E5177F020BBC56400841907 /* Build configuration list for PBXNativeTarget "Swumuck_owner_ver" */ = {
			isa = XCConfigurationList;
			buildConfigurations = (
				2E5177F120BBC56400841907 /* Debug */,
				2E5177F220BBC56400841907 /* Release */,
			);
			defaultConfigurationIsVisible = 0;
			defaultConfigurationName = Release;
		};
/* End XCConfigurationList section */

/* Begin XCVersionGroup section */
		2E5177E520BBC56400841907 /* Swumuck_owner_ver.xcdatamodeld */ = {
			isa = XCVersionGroup;
			children = (
				2E5177E620BBC56400841907 /* Swumuck_owner_ver.xcdatamodel */,
			);
			currentVersion = 2E5177E620BBC56400841907 /* Swumuck_owner_ver.xcdatamodel */;
			path = Swumuck_owner_ver.xcdatamodeld;
			sourceTree = "<group>";
			versionGroupType = wrapper.xcdatamodel;
		};
/* End XCVersionGroup section */
	};
	rootObject = 2E5177D320BBC56400841907 /* Project object */;
}
